// !$*UTF8*$!
{
	archiveVersion = 1;
	classes = {
	};
	objectVersion = 46;
	objects = {

/* Begin PBXBuildFile section */
		105DF4351D0BDE3E008B91CB /* AppDelegate.swift in Sources */ = {isa = PBXBuildFile; fileRef = 105DF4341D0BDE3E008B91CB /* AppDelegate.swift */; };
		105DF4371D0BDE3E008B91CB /* ViewController.swift in Sources */ = {isa = PBXBuildFile; fileRef = 105DF4361D0BDE3E008B91CB /* ViewController.swift */; };
		105DF43A1D0BDE3E008B91CB /* Main.storyboard in Resources */ = {isa = PBXBuildFile; fileRef = 105DF4381D0BDE3E008B91CB /* Main.storyboard */; };
		105DF43C1D0BDE3E008B91CB /* Assets.xcassets in Resources */ = {isa = PBXBuildFile; fileRef = 105DF43B1D0BDE3E008B91CB /* Assets.xcassets */; };
		105DF43F1D0BDE3E008B91CB /* LaunchScreen.storyboard in Resources */ = {isa = PBXBuildFile; fileRef = 105DF43D1D0BDE3E008B91CB /* LaunchScreen.storyboard */; };
		105DF4471D0C7FF0008B91CB /* HistoricalEvents.plist in Resources */ = {isa = PBXBuildFile; fileRef = 105DF4461D0C7FF0008B91CB /* HistoricalEvents.plist */; };
/* End PBXBuildFile section */

/* Begin PBXFileReference section */
		105DF4311D0BDE3E008B91CB /* BoutTime.app */ = {isa = PBXFileReference; explicitFileType = wrapper.application; includeInIndex = 0; path = BoutTime.app; sourceTree = BUILT_PRODUCTS_DIR; };
		105DF4341D0BDE3E008B91CB /* AppDelegate.swift */ = {isa = PBXFileReference; lastKnownFileType = sourcecode.swift; path = AppDelegate.swift; sourceTree = "<group>"; };
		105DF4361D0BDE3E008B91CB /* ViewController.swift */ = {isa = PBXFileReference; lastKnownFileType = sourcecode.swift; path = ViewController.swift; sourceTree = "<group>"; };
		105DF4391D0BDE3E008B91CB /* Base */ = {isa = PBXFileReference; lastKnownFileType = file.storyboard; name = Base; path = Base.lproj/Main.storyboard; sourceTree = "<group>"; };
		105DF43B1D0BDE3E008B91CB /* Assets.xcassets */ = {isa = PBXFileReference; lastKnownFileType = folder.assetcatalog; path = Assets.xcassets; sourceTree = "<group>"; };
		105DF43E1D0BDE3E008B91CB /* Base */ = {isa = PBXFileReference; lastKnownFileType = file.storyboard; name = Base; path = Base.lproj/LaunchScreen.storyboard; sourceTree = "<group>"; };
		105DF4401D0BDE3E008B91CB /* Info.plist */ = {isa = PBXFileReference; lastKnownFileType = text.plist.xml; path = Info.plist; sourceTree = "<group>"; };
		105DF4461D0C7FF0008B91CB /* HistoricalEvents.plist */ = {isa = PBXFileReference; fileEncoding = 4; lastKnownFileType = text.plist.xml; path = HistoricalEvents.plist; sourceTree = "<group>"; };
/* End PBXFileReference section */

/* Begin PBXFrameworksBuildPhase section */
		105DF42E1D0BDE3E008B91CB /* Frameworks */ = {
			isa = PBXFrameworksBuildPhase;
			buildActionMask = 2147483647;
			files = (
			);
			runOnlyForDeploymentPostprocessing = 0;
		};
/* End PBXFrameworksBuildPhase section */

/* Begin PBXGroup section */
		105DF4281D0BDE3E008B91CB = {
			isa = PBXGroup;
			children = (
				105DF4331D0BDE3E008B91CB /* BoutTime */,
				105DF4321D0BDE3E008B91CB /* Products */,
			);
			sourceTree = "<group>";
		};
		105DF4321D0BDE3E008B91CB /* Products */ = {
			isa = PBXGroup;
			children = (
				105DF4311D0BDE3E008B91CB /* BoutTime.app */,
			);
			name = Products;
			sourceTree = "<group>";
		};
		105DF4331D0BDE3E008B91CB /* BoutTime */ = {
			isa = PBXGroup;
			children = (
				105DF4341D0BDE3E008B91CB /* AppDelegate.swift */,
				105DF4361D0BDE3E008B91CB /* ViewController.swift */,
				105DF4381D0BDE3E008B91CB /* Main.storyboard */,
				105DF43B1D0BDE3E008B91CB /* Assets.xcassets */,
				105DF43D1D0BDE3E008B91CB /* LaunchScreen.storyboard */,
				105DF4401D0BDE3E008B91CB /* Info.plist */,
				105DF4461D0C7FF0008B91CB /* HistoricalEvents.plist */,
			);
			path = BoutTime;
			sourceTree = "<group>";
		};
/* End PBXGroup section */

/* Begin PBXNativeTarget section */
		105DF4301D0BDE3E008B91CB /* BoutTime */ = {
			isa = PBXNativeTarget;
			buildConfigurationList = 105DF4431D0BDE3E008B91CB /* Build configuration list for PBXNativeTarget "BoutTime" */;
			buildPhases = (
				105DF42D1D0BDE3E008B91CB /* Sources */,
				105DF42E1D0BDE3E008B91CB /* Frameworks */,
				105DF42F1D0BDE3E008B91CB /* Resources */,
			);
			buildRules = (
			);
			dependencies = (
			);
			name = BoutTime;
			productName = BoutTime;
			productReference = 105DF4311D0BDE3E008B91CB /* BoutTime.app */;
			productType = "com.apple.product-type.application";
		};
/* End PBXNativeTarget section */

/* Begin PBXProject section */
		105DF4291D0BDE3E008B91CB /* Project object */ = {
			isa = PBXProject;
			attributes = {
				LastSwiftUpdateCheck = 0730;
				LastUpgradeCheck = 0730;
				ORGANIZATIONNAME = XuanWang;
				TargetAttributes = {
					105DF4301D0BDE3E008B91CB = {
						CreatedOnToolsVersion = 7.3.1;
					};
				};
			};
			buildConfigurationList = 105DF42C1D0BDE3E008B91CB /* Build configuration list for PBXProject "BoutTime" */;
			compatibilityVersion = "Xcode 3.2";
			developmentRegion = English;
			hasScannedForEncodings = 0;
			knownRegions = (
				en,
				Base,
			);
			mainGroup = 105DF4281D0BDE3E008B91CB;
			productRefGroup = 105DF4321D0BDE3E008B91CB /* Products */;
			projectDirPath = "";
			projectRoot = "";
			targets = (
				105DF4301D0BDE3E008B91CB /* BoutTime */,
			);
		};
/* End PBXProject section */

/* Begin PBXResourcesBuildPhase section */
		105DF42F1D0BDE3E008B91CB /* Resources */ = {
			isa = PBXResourcesBuildPhase;
			buildActionMask = 2147483647;
			files = (
				105DF43F1D0BDE3E008B91CB /* LaunchScreen.storyboard in Resources */,
				105DF43C1D0BDE3E008B91CB /* Assets.xcassets in Resources */,
				105DF43A1D0BDE3E008B91CB /* Main.storyboard in Resources */,
				105DF4471D0C7FF0008B91CB /* HistoricalEvents.plist in Resources */,
			);
			runOnlyForDeploymentPostprocessing = 0;
		};
/* End PBXResourcesBuildPhase section */

/* Begin PBXSourcesBuildPhase section */
		105DF42D1D0BDE3E008B91CB /* Sources */ = {
			isa = PBXSourcesBuildPhase;
			buildActionMask = 2147483647;
			files = (
				105DF4371D0BDE3E008B91CB /* ViewController.swift in Sources */,
				105DF4351D0BDE3E008B91CB /* AppDelegate.swift in Sources */,
			);
			runOnlyForDeploymentPostprocessing = 0;
		};
/* End PBXSourcesBuildPhase section */

/* Begin PBXVariantGroup section */
		105DF4381D0BDE3E008B91CB /* Main.storyboard */ = {
			isa = PBXVariantGroup;
			children = (
				105DF4391D0BDE3E008B91CB /* Base */,
			);
			name = Main.storyboard;
			sourceTree = "<group>";
		};
		105DF43D1D0BDE3E008B91CB /* LaunchScreen.storyboard */ = {
			isa = PBXVariantGroup;
			children = (
				105DF43E1D0BDE3E008B91CB /* Base */,
			);
			name = LaunchScreen.storyboard;
			sourceTree = "<group>";
		};
/* End PBXVariantGroup section */

/* Begin XCBuildConfiguration section */
		105DF4411D0BDE3E008B91CB /* Debug */ = {
			isa = XCBuildConfiguration;
			buildSettings = {
				ALWAYS_SEARCH_USER_PATHS = NO;
				CLANG_ANALYZER_NONNULL = YES;
				CLANG_CXX_LANGUAGE_STANDARD = "gnu++0x";
				CLANG_CXX_LIBRARY = "libc++";
				CLANG_ENABLE_MODULES = YES;
				CLANG_ENABLE_OBJC_ARC = YES;
				CLANG_WARN_BOOL_CONVERSION = YES;
				CLANG_WARN_CONSTANT_CONVERSION = YES;
				CLANG_WARN_DIRECT_OBJC_ISA_USAGE = YES_ERROR;
				CLANG_WARN_EMPTY_BODY = YES;
				CLANG_WARN_ENUM_CONVERSION = YES;
				CLANG_WARN_INT_CONVERSION = YES;
				CLANG_WARN_OBJC_ROOT_CLASS = YES_ERROR;
				CLANG_WARN_UNREACHABLE_CODE = YES;
				CLANG_WARN__DUPLICATE_METHOD_MATCH = YES;
				"CODE_SIGN_IDENTITY[sdk=iphoneos*]" = "iPhone Developer";
				COPY_PHASE_STRIP = NO;
				DEBUG_INFORMATION_FORMAT = dwarf;
				ENABLE_STRICT_OBJC_MSGSEND = YES;
				ENABLE_TESTABILITY = YES;
				GCC_C_LANGUAGE_STANDARD = gnu99;
				GCC_DYNAMIC_NO_PIC = NO;
				GCC_NO_COMMON_BLOCKS = YES;
				GCC_OPTIMIZATION_LEVEL = 0;
				GCC_PREPROCESSOR_DEFINITIONS = (
					"DEBUG=1",
					"$(inherited)",
				);
				GCC_WARN_64_TO_32_BIT_CONVERSION = YES;
				GCC_WARN_ABOUT_RETURN_TYPE = YES_ERROR;
				GCC_WARN_UNDECLARED_SELECTOR = YES;
				GCC_WARN_UNINITIALIZED_AUTOS = YES_AGGRESSIVE;
				GCC_WARN_UNUSED_FUNCTION = YES;
				GCC_WARN_UNUSED_VARIABLE = YES;
				IPHONEOS_DEPLOYMENT_TARGET = 9.3;
				MTL_ENABLE_DEBUG_INFO = YES;
				ONLY_ACTIVE_ARCH = YES;
				SDKROOT = iphoneos;
				SWIFT_OPTIMIZATION_LEVEL = "-Onone";
			};
			name = Debug;
		};
		105DF4421D0BDE3E008B91CB /* Release */ = {
			isa = XCBuildConfiguration;
			buildSettings = {
				ALWAYS_SEARCH_USER_PATHS = NO;
				CLANG_ANALYZER_NONNULL = YES;
				CLANG_CXX_LANGUAGE_STANDARD = "gnu++0x";
				CLANG_CXX_LIBRARY = "libc++";
				CLANG_ENABLE_MODULES = YES;
				CLANG_ENABLE_OBJC_ARC = YES;
				CLANG_WARN_BOOL_CONVERSION = YES;
				CLANG_WARN_CONSTANT_CONVERSION = YES;
				CLANG_WARN_DIRECT_OBJC_ISA_USAGE = YES_ERROR;
				CLANG_WARN_EMPTY_BODY = YES;
				CLANG_WARN_ENUM_CONVERSION = YES;
				CLANG_WARN_INT_CONVERSION = YES;
				CLANG_WARN_OBJC_ROOT_CLASS = YES_ERROR;
				CLANG_WARN_UNREACHABLE_CODE = YES;
				CLANG_WARN__DUPLICATE_METHOD_MATCH = YES;
				"CODE_SIGN_IDENTITY[sdk=iphoneos*]" = "iPhone Developer";
				COPY_PHASE_STRIP = NO;
				DEBUG_INFORMATION_FORMAT = "dwarf-with-dsym";
				ENABLE_NS_ASSERTIONS = NO;
				ENABLE_STRICT_OBJC_MSGSEND = YES;
				GCC_C_LANGUAGE_STANDARD = gnu99;
				GCC_NO_COMMON_BLOCKS = YES;
				GCC_WARN_64_TO_32_BIT_CONVERSION = YES;
				GCC_WARN_ABOUT_RETURN_TYPE = YES_ERROR;
				GCC_WARN_UNDECLARED_SELECTOR = YES;
				GCC_WARN_UNINITIALIZED_AUTOS = YES_AGGRESSIVE;
				GCC_WARN_UNUSED_FUNCTION = YES;
				GCC_WARN_UNUSED_VARIABLE = YES;
				IPHONEOS_DEPLOYMENT_TARGET = 9.3;
				MTL_ENABLE_DEBUG_INFO = NO;
				SDKROOT = iphoneos;
				VALIDATE_PRODUCT = YES;
			};
			name = Release;
		};
		105DF4441D0BDE3E008B91CB /* Debug */ = {
			isa = XCBuildConfiguration;
			buildSettings = {
				ASSETCATALOG_COMPILER_APPICON_NAME = AppIcon;
				INFOPLIST_FILE = BoutTime/Info.plist;
				LD_RUNPATH_SEARCH_PATHS = "$(inherited) @executable_path/Frameworks";
				PRODUCT_BUNDLE_IDENTIFIER = "com.xuan-wang.BoutTime";
				PRODUCT_NAME = "$(TARGET_NAME)";
			};
			name = Debug;
		};
		105DF4451D0BDE3E008B91CB /* Release */ = {
			isa = XCBuildConfiguration;
			buildSettings = {
				ASSETCATALOG_COMPILER_APPICON_NAME = AppIcon;
				INFOPLIST_FILE = BoutTime/Info.plist;
				LD_RUNPATH_SEARCH_PATHS = "$(inherited) @executable_path/Frameworks";
				PRODUCT_BUNDLE_IDENTIFIER = "com.xuan-wang.BoutTime";
				PRODUCT_NAME = "$(TARGET_NAME)";
			};
			name = Release;
		};
/* End XCBuildConfiguration section */

/* Begin XCConfigurationList section */
		105DF42C1D0BDE3E008B91CB /* Build configuration list for PBXProject "BoutTime" */ = {
			isa = XCConfigurationList;
			buildConfigurations = (
				105DF4411D0BDE3E008B91CB /* Debug */,
				105DF4421D0BDE3E008B91CB /* Release */,
			);
			defaultConfigurationIsVisible = 0;
			defaultConfigurationName = Release;
		};
		105DF4431D0BDE3E008B91CB /* Build configuration list for PBXNativeTarget "BoutTime" */ = {
			isa = XCConfigurationList;
			buildConfigurations = (
				105DF4441D0BDE3E008B91CB /* Debug */,
				105DF4451D0BDE3E008B91CB /* Release */,
			);
			defaultConfigurationIsVisible = 0;
		};
/* End XCConfigurationList section */
	};
	rootObject = 105DF4291D0BDE3E008B91CB /* Project object */;
}
